
Microsoft Visual Studio Solution File, Format Version 12.00
# Visual Studio Version 16
VisualStudioVersion = 16.0.29324.140
MinimumVisualStudioVersion = 10.0.40219.1
Project("{FAE04EC0-301F-11D3-BF4B-00C04F79EFBC}") = "CompatibilityCalculator", "CompatibilityCalculator\CompatibilityCalculator.csproj", "{00893221-E662-42B8-BF32-A6E6AA4D4854}"
EndProject
Project("{FAE04EC0-301F-11D3-BF4B-00C04F79EFBC}") = "CompatibilityCalculatorXamarin.UWP", "CompatibilityCalculatorXamarin\CompatibilityCalculatorXamarin.UWP\CompatibilityCalculatorXamarin.UWP.csproj", "{D154D9E1-CFBB-40DB-B8CA-4D0BE79F186E}"
EndProject
Project("{FAE04EC0-301F-11D3-BF4B-00C04F79EFBC}") = "CompatibilityCalculatorXamarin.Android", "CompatibilityCalculatorXamarin\CompatibilityCalculatorXamarin.Android\CompatibilityCalculatorXamarin.Android.csproj", "{34363E43-E2F1-4E5A-9444-15B9C6985009}"
EndProject
Project("{FAE04EC0-301F-11D3-BF4B-00C04F79EFBC}") = "CompatibilityCalculatorXamarin.iOS", "CompatibilityCalculatorXamarin\CompatibilityCalculatorXamarin.iOS\CompatibilityCalculatorXamarin.iOS.csproj", "{5BE88C1E-9B08-46DA-B715-8419E48C64E9}"
EndProject
Project("{FAE04EC0-301F-11D3-BF4B-00C04F79EFBC}") = "CompatibilityCalculatorXamarin", "CompatibilityCalculatorXamarin\CompatibilityCalculatorXamarin\CompatibilityCalculatorXamarin.csproj", "{B728ABDF-C2EC-4735-AEFE-8744D95C743A}"
EndProject
Project("{FAE04EC0-301F-11D3-BF4B-00C04F79EFBC}") = "CompatibilityCalculatorLogic", "CompatibilityCalculatorLogic\CompatibilityCalculatorLogic.csproj", "{0B6A647C-6180-451E-9C9F-8384B159D2AD}"
EndProject
Project("{FAE04EC0-301F-11D3-BF4B-00C04F79EFBC}") = "CompatibilityCalculatorTypes", "CompatibilityCalculatorTypes\CompatibilityCalculatorTypes.csproj", "{66D33206-7D0D-4DE8-8200-52273AAEC70A}"
EndProject
Global
	GlobalSection(SolutionConfigurationPlatforms) = preSolution
		Debug|Any CPU = Debug|Any CPU
		Debug|ARM = Debug|ARM
		Debug|ARM64 = Debug|ARM64
		Debug|iPhone = Debug|iPhone
		Debug|iPhoneSimulator = Debug|iPhoneSimulator
		Debug|x64 = Debug|x64
		Debug|x86 = Debug|x86
		Release|Any CPU = Release|Any CPU
		Release|ARM = Release|ARM
		Release|ARM64 = Release|ARM64
		Release|iPhone = Release|iPhone
		Release|iPhoneSimulator = Release|iPhoneSimulator
		Release|x64 = Release|x64
		Release|x86 = Release|x86
	EndGlobalSection
	GlobalSection(ProjectConfigurationPlatforms) = postSolution
		{00893221-E662-42B8-BF32-A6E6AA4D4854}.Debug|Any CPU.ActiveCfg = Debug|Any CPU
		{00893221-E662-42B8-BF32-A6E6AA4D4854}.Debug|Any CPU.Build.0 = Debug|Any CPU
		{00893221-E662-42B8-BF32-A6E6AA4D4854}.Debug|ARM.ActiveCfg = Debug|Any CPU
		{00893221-E662-42B8-BF32-A6E6AA4D4854}.Debug|ARM.Build.0 = Debug|Any CPU
		{00893221-E662-42B8-BF32-A6E6AA4D4854}.Debug|ARM64.ActiveCfg = Debug|Any CPU
		{00893221-E662-42B8-BF32-A6E6AA4D4854}.Debug|ARM64.Build.0 = Debug|Any CPU
		{00893221-E662-42B8-BF32-A6E6AA4D4854}.Debug|iPhone.ActiveCfg = Debug|Any CPU
		{00893221-E662-42B8-BF32-A6E6AA4D4854}.Debug|iPhone.Build.0 = Debug|Any CPU
		{00893221-E662-42B8-BF32-A6E6AA4D4854}.Debug|iPhoneSimulator.ActiveCfg = Debug|Any CPU
		{00893221-E662-42B8-BF32-A6E6AA4D4854}.Debug|iPhoneSimulator.Build.0 = Debug|Any CPU
		{00893221-E662-42B8-BF32-A6E6AA4D4854}.Debug|x64.ActiveCfg = Debug|Any CPU
		{00893221-E662-42B8-BF32-A6E6AA4D4854}.Debug|x64.Build.0 = Debug|Any CPU
		{00893221-E662-42B8-BF32-A6E6AA4D4854}.Debug|x86.ActiveCfg = Debug|Any CPU
		{00893221-E662-42B8-BF32-A6E6AA4D4854}.Debug|x86.Build.0 = Debug|Any CPU
		{00893221-E662-42B8-BF32-A6E6AA4D4854}.Release|Any CPU.ActiveCfg = Release|Any CPU
		{00893221-E662-42B8-BF32-A6E6AA4D4854}.Release|Any CPU.Build.0 = Release|Any CPU
		{00893221-E662-42B8-BF32-A6E6AA4D4854}.Release|ARM.ActiveCfg = Release|Any CPU
		{00893221-E662-42B8-BF32-A6E6AA4D4854}.Release|ARM.Build.0 = Release|Any CPU
		{00893221-E662-42B8-BF32-A6E6AA4D4854}.Release|ARM64.ActiveCfg = Release|Any CPU
		{00893221-E662-42B8-BF32-A6E6AA4D4854}.Release|ARM64.Build.0 = Release|Any CPU
		{00893221-E662-42B8-BF32-A6E6AA4D4854}.Release|iPhone.ActiveCfg = Release|Any CPU
		{00893221-E662-42B8-BF32-A6E6AA4D4854}.Release|iPhone.Build.0 = Release|Any CPU
		{00893221-E662-42B8-BF32-A6E6AA4D4854}.Release|iPhoneSimulator.ActiveCfg = Release|Any CPU
		{00893221-E662-42B8-BF32-A6E6AA4D4854}.Release|iPhoneSimulator.Build.0 = Release|Any CPU
		{00893221-E662-42B8-BF32-A6E6AA4D4854}.Release|x64.ActiveCfg = Release|Any CPU
		{00893221-E662-42B8-BF32-A6E6AA4D4854}.Release|x64.Build.0 = Release|Any CPU
		{00893221-E662-42B8-BF32-A6E6AA4D4854}.Release|x86.ActiveCfg = Release|Any CPU
		{00893221-E662-42B8-BF32-A6E6AA4D4854}.Release|x86.Build.0 = Release|Any CPU
		{D154D9E1-CFBB-40DB-B8CA-4D0BE79F186E}.Debug|Any CPU.ActiveCfg = Debug|x86
		{D154D9E1-CFBB-40DB-B8CA-4D0BE79F186E}.Debug|ARM.ActiveCfg = Debug|ARM
		{D154D9E1-CFBB-40DB-B8CA-4D0BE79F186E}.Debug|ARM.Build.0 = Debug|ARM
		{D154D9E1-CFBB-40DB-B8CA-4D0BE79F186E}.Debug|ARM.Deploy.0 = Debug|ARM
		{D154D9E1-CFBB-40DB-B8CA-4D0BE79F186E}.Debug|ARM64.ActiveCfg = Debug|x86
		{D154D9E1-CFBB-40DB-B8CA-4D0BE79F186E}.Debug|iPhone.ActiveCfg = Debug|x86
		{D154D9E1-CFBB-40DB-B8CA-4D0BE79F186E}.Debug|iPhoneSimulator.ActiveCfg = Debug|x86
		{D154D9E1-CFBB-40DB-B8CA-4D0BE79F186E}.Debug|x64.ActiveCfg = Debug|x64
		{D154D9E1-CFBB-40DB-B8CA-4D0BE79F186E}.Debug|x64.Build.0 = Debug|x64
		{D154D9E1-CFBB-40DB-B8CA-4D0BE79F186E}.Debug|x64.Deploy.0 = Debug|x64
		{D154D9E1-CFBB-40DB-B8CA-4D0BE79F186E}.Debug|x86.ActiveCfg = Debug|x86
		{D154D9E1-CFBB-40DB-B8CA-4D0BE79F186E}.Debug|x86.Build.0 = Debug|x86
		{D154D9E1-CFBB-40DB-B8CA-4D0BE79F186E}.Debug|x86.Deploy.0 = Debug|x86
		{D154D9E1-CFBB-40DB-B8CA-4D0BE79F186E}.Release|Any CPU.ActiveCfg = Release|x86
		{D154D9E1-CFBB-40DB-B8CA-4D0BE79F186E}.Release|ARM.ActiveCfg = Release|ARM
		{D154D9E1-CFBB-40DB-B8CA-4D0BE79F186E}.Release|ARM.Build.0 = Release|ARM
		{D154D9E1-CFBB-40DB-B8CA-4D0BE79F186E}.Release|ARM.Deploy.0 = Release|ARM
		{D154D9E1-CFBB-40DB-B8CA-4D0BE79F186E}.Release|ARM64.ActiveCfg = Release|x86
		{D154D9E1-CFBB-40DB-B8CA-4D0BE79F186E}.Release|iPhone.ActiveCfg = Release|x86
		{D154D9E1-CFBB-40DB-B8CA-4D0BE79F186E}.Release|iPhoneSimulator.ActiveCfg = Release|x86
		{D154D9E1-CFBB-40DB-B8CA-4D0BE79F186E}.Release|x64.ActiveCfg = Release|x64
		{D154D9E1-CFBB-40DB-B8CA-4D0BE79F186E}.Release|x64.Build.0 = Release|x64
		{D154D9E1-CFBB-40DB-B8CA-4D0BE79F186E}.Release|x64.Deploy.0 = Release|x64
		{D154D9E1-CFBB-40DB-B8CA-4D0BE79F186E}.Release|x86.ActiveCfg = Release|x86
		{D154D9E1-CFBB-40DB-B8CA-4D0BE79F186E}.Release|x86.Build.0 = Release|x86
		{D154D9E1-CFBB-40DB-B8CA-4D0BE79F186E}.Release|x86.Deploy.0 = Release|x86
		{34363E43-E2F1-4E5A-9444-15B9C6985009}.Debug|Any CPU.ActiveCfg = Debug|Any CPU
		{34363E43-E2F1-4E5A-9444-15B9C6985009}.Debug|Any CPU.Build.0 = Debug|Any CPU
		{34363E43-E2F1-4E5A-9444-15B9C6985009}.Debug|Any CPU.Deploy.0 = Debug|Any CPU
		{34363E43-E2F1-4E5A-9444-15B9C6985009}.Debug|ARM.ActiveCfg = Debug|Any CPU
		{34363E43-E2F1-4E5A-9444-15B9C6985009}.Debug|ARM.Build.0 = Debug|Any CPU
		{34363E43-E2F1-4E5A-9444-15B9C6985009}.Debug|ARM.Deploy.0 = Debug|Any CPU
		{34363E43-E2F1-4E5A-9444-15B9C6985009}.Debug|ARM64.ActiveCfg = Debug|Any CPU
		{34363E43-E2F1-4E5A-9444-15B9C6985009}.Debug|ARM64.Build.0 = Debug|Any CPU
		{34363E43-E2F1-4E5A-9444-15B9C6985009}.Debug|ARM64.Deploy.0 = Debug|Any CPU
		{34363E43-E2F1-4E5A-9444-15B9C6985009}.Debug|iPhone.ActiveCfg = Debug|Any CPU
		{34363E43-E2F1-4E5A-9444-15B9C6985009}.Debug|iPhone.Build.0 = Debug|Any CPU
		{34363E43-E2F1-4E5A-9444-15B9C6985009}.Debug|iPhone.Deploy.0 = Debug|Any CPU
		{34363E43-E2F1-4E5A-9444-15B9C6985009}.Debug|iPhoneSimulator.ActiveCfg = Debug|Any CPU
		{34363E43-E2F1-4E5A-9444-15B9C6985009}.Debug|iPhoneSimulator.Build.0 = Debug|Any CPU
		{34363E43-E2F1-4E5A-9444-15B9C6985009}.Debug|iPhoneSimulator.Deploy.0 = Debug|Any CPU
		{34363E43-E2F1-4E5A-9444-15B9C6985009}.Debug|x64.ActiveCfg = Debug|Any CPU
		{34363E43-E2F1-4E5A-9444-15B9C6985009}.Debug|x64.Build.0 = Debug|Any CPU
		{34363E43-E2F1-4E5A-9444-15B9C6985009}.Debug|x64.Deploy.0 = Debug|Any CPU
		{34363E43-E2F1-4E5A-9444-15B9C6985009}.Debug|x86.ActiveCfg = Debug|Any CPU
		{34363E43-E2F1-4E5A-9444-15B9C6985009}.Debug|x86.Build.0 = Debug|Any CPU
		{34363E43-E2F1-4E5A-9444-15B9C6985009}.Debug|x86.Deploy.0 = Debug|Any CPU
		{34363E43-E2F1-4E5A-9444-15B9C6985009}.Release|Any CPU.ActiveCfg = Release|Any CPU
		{34363E43-E2F1-4E5A-9444-15B9C6985009}.Release|Any CPU.Build.0 = Release|Any CPU
		{34363E43-E2F1-4E5A-9444-15B9C6985009}.Release|Any CPU.Deploy.0 = Release|Any CPU
		{34363E43-E2F1-4E5A-9444-15B9C6985009}.Release|ARM.ActiveCfg = Release|Any CPU
		{34363E43-E2F1-4E5A-9444-15B9C6985009}.Release|ARM.Build.0 = Release|Any CPU
		{34363E43-E2F1-4E5A-9444-15B9C6985009}.Release|ARM.Deploy.0 = Release|Any CPU
		{34363E43-E2F1-4E5A-9444-15B9C6985009}.Release|ARM64.ActiveCfg = Release|Any CPU
		{34363E43-E2F1-4E5A-9444-15B9C6985009}.Release|ARM64.Build.0 = Release|Any CPU
		{34363E43-E2F1-4E5A-9444-15B9C6985009}.Release|ARM64.Deploy.0 = Release|Any CPU
		{34363E43-E2F1-4E5A-9444-15B9C6985009}.Release|iPhone.ActiveCfg = Release|Any CPU
		{34363E43-E2F1-4E5A-9444-15B9C6985009}.Release|iPhone.Build.0 = Release|Any CPU
		{34363E43-E2F1-4E5A-9444-15B9C6985009}.Release|iPhone.Deploy.0 = Release|Any CPU
		{34363E43-E2F1-4E5A-9444-15B9C6985009}.Release|iPhoneSimulator.ActiveCfg = Release|Any CPU
		{34363E43-E2F1-4E5A-9444-15B9C6985009}.Release|iPhoneSimulator.Build.0 = Release|Any CPU
		{34363E43-E2F1-4E5A-9444-15B9C6985009}.Release|iPhoneSimulator.Deploy.0 = Release|Any CPU
		{34363E43-E2F1-4E5A-9444-15B9C6985009}.Release|x64.ActiveCfg = Release|Any CPU
		{34363E43-E2F1-4E5A-9444-15B9C6985009}.Release|x64.Build.0 = Release|Any CPU
		{34363E43-E2F1-4E5A-9444-15B9C6985009}.Release|x64.Deploy.0 = Release|Any CPU
		{34363E43-E2F1-4E5A-9444-15B9C6985009}.Release|x86.ActiveCfg = Release|Any CPU
		{34363E43-E2F1-4E5A-9444-15B9C6985009}.Release|x86.Build.0 = Release|Any CPU
		{34363E43-E2F1-4E5A-9444-15B9C6985009}.Release|x86.Deploy.0 = Release|Any CPU
		{5BE88C1E-9B08-46DA-B715-8419E48C64E9}.Debug|Any CPU.ActiveCfg = Debug|iPhone
		{5BE88C1E-9B08-46DA-B715-8419E48C64E9}.Debug|ARM.ActiveCfg = Debug|iPhone
		{5BE88C1E-9B08-46DA-B715-8419E48C64E9}.Debug|ARM64.ActiveCfg = Debug|iPhone
		{5BE88C1E-9B08-46DA-B715-8419E48C64E9}.Debug|iPhone.ActiveCfg = Debug|iPhone
		{5BE88C1E-9B08-46DA-B715-8419E48C64E9}.Debug|iPhone.Build.0 = Debug|iPhone
		{5BE88C1E-9B08-46DA-B715-8419E48C64E9}.Debug|iPhoneSimulator.ActiveCfg = Debug|iPhoneSimulator
		{5BE88C1E-9B08-46DA-B715-8419E48C64E9}.Debug|iPhoneSimulator.Build.0 = Debug|iPhoneSimulator
		{5BE88C1E-9B08-46DA-B715-8419E48C64E9}.Debug|x64.ActiveCfg = Debug|iPhone
		{5BE88C1E-9B08-46DA-B715-8419E48C64E9}.Debug|x86.ActiveCfg = Debug|iPhone
		{5BE88C1E-9B08-46DA-B715-8419E48C64E9}.Release|Any CPU.ActiveCfg = Release|iPhone
		{5BE88C1E-9B08-46DA-B715-8419E48C64E9}.Release|ARM.ActiveCfg = Release|iPhone
		{5BE88C1E-9B08-46DA-B715-8419E48C64E9}.Release|ARM64.ActiveCfg = Release|iPhone
		{5BE88C1E-9B08-46DA-B715-8419E48C64E9}.Release|iPhone.ActiveCfg = Release|iPhone
		{5BE88C1E-9B08-46DA-B715-8419E48C64E9}.Release|iPhone.Build.0 = Release|iPhone
		{5BE88C1E-9B08-46DA-B715-8419E48C64E9}.Release|iPhoneSimulator.ActiveCfg = Release|iPhoneSimulator
		{5BE88C1E-9B08-46DA-B715-8419E48C64E9}.Release|iPhoneSimulator.Build.0 = Release|iPhoneSimulator
		{5BE88C1E-9B08-46DA-B715-8419E48C64E9}.Release|x64.ActiveCfg = Release|iPhone
		{5BE88C1E-9B08-46DA-B715-8419E48C64E9}.Release|x86.ActiveCfg = Release|iPhone
		{B728ABDF-C2EC-4735-AEFE-8744D95C743A}.Debug|Any CPU.ActiveCfg = Debug|Any CPU
		{B728ABDF-C2EC-4735-AEFE-8744D95C743A}.Debug|Any CPU.Build.0 = Debug|Any CPU
		{B728ABDF-C2EC-4735-AEFE-8744D95C743A}.Debug|ARM.ActiveCfg = Debug|Any CPU
		{B728ABDF-C2EC-4735-AEFE-8744D95C743A}.Debug|ARM.Build.0 = Debug|Any CPU
		{B728ABDF-C2EC-4735-AEFE-8744D95C743A}.Debug|ARM64.ActiveCfg = Debug|Any CPU
		{B728ABDF-C2EC-4735-AEFE-8744D95C743A}.Debug|ARM64.Build.0 = Debug|Any CPU
		{B728ABDF-C2EC-4735-AEFE-8744D95C743A}.Debug|iPhone.ActiveCfg = Debug|Any CPU
		{B728ABDF-C2EC-4735-AEFE-8744D95C743A}.Debug|iPhone.Build.0 = Debug|Any CPU
		{B728ABDF-C2EC-4735-AEFE-8744D95C743A}.Debug|iPhoneSimulator.ActiveCfg = Debug|Any CPU
		{B728ABDF-C2EC-4735-AEFE-8744D95C743A}.Debug|iPhoneSimulator.Build.0 = Debug|Any CPU
		{B728ABDF-C2EC-4735-AEFE-8744D95C743A}.Debug|x64.ActiveCfg = Debug|Any CPU
		{B728ABDF-C2EC-4735-AEFE-8744D95C743A}.Debug|x64.Build.0 = Debug|Any CPU
		{B728ABDF-C2EC-4735-AEFE-8744D95C743A}.Debug|x86.ActiveCfg = Debug|Any CPU
		{B728ABDF-C2EC-4735-AEFE-8744D95C743A}.Debug|x86.Build.0 = Debug|Any CPU
		{B728ABDF-C2EC-4735-AEFE-8744D95C743A}.Release|Any CPU.ActiveCfg = Release|Any CPU
		{B728ABDF-C2EC-4735-AEFE-8744D95C743A}.Release|Any CPU.Build.0 = Release|Any CPU
		{B728ABDF-C2EC-4735-AEFE-8744D95C743A}.Release|ARM.ActiveCfg = Release|Any CPU
		{B728ABDF-C2EC-4735-AEFE-8744D95C743A}.Release|ARM.Build.0 = Release|Any CPU
		{B728ABDF-C2EC-4735-AEFE-8744D95C743A}.Release|ARM64.ActiveCfg = Release|Any CPU
		{B728ABDF-C2EC-4735-AEFE-8744D95C743A}.Release|ARM64.Build.0 = Release|Any CPU
		{B728ABDF-C2EC-4735-AEFE-8744D95C743A}.Release|iPhone.ActiveCfg = Release|Any CPU
		{B728ABDF-C2EC-4735-AEFE-8744D95C743A}.Release|iPhone.Build.0 = Release|Any CPU
		{B728ABDF-C2EC-4735-AEFE-8744D95C743A}.Release|iPhoneSimulator.ActiveCfg = Release|Any CPU
		{B728ABDF-C2EC-4735-AEFE-8744D95C743A}.Release|iPhoneSimulator.Build.0 = Release|Any CPU
		{B728ABDF-C2EC-4735-AEFE-8744D95C743A}.Release|x64.ActiveCfg = Release|Any CPU
		{B728ABDF-C2EC-4735-AEFE-8744D95C743A}.Release|x64.Build.0 = Release|Any CPU
		{B728ABDF-C2EC-4735-AEFE-8744D95C743A}.Release|x86.ActiveCfg = Release|Any CPU
		{B728ABDF-C2EC-4735-AEFE-8744D95C743A}.Release|x86.Build.0 = Release|Any CPU
		{0B6A647C-6180-451E-9C9F-8384B159D2AD}.Debug|Any CPU.ActiveCfg = Debug|Any CPU
		{0B6A647C-6180-451E-9C9F-8384B159D2AD}.Debug|Any CPU.Build.0 = Debug|Any CPU
		{0B6A647C-6180-451E-9C9F-8384B159D2AD}.Debug|ARM.ActiveCfg = Debug|Any CPU
		{0B6A647C-6180-451E-9C9F-8384B159D2AD}.Debug|ARM.Build.0 = Debug|Any CPU
		{0B6A647C-6180-451E-9C9F-8384B159D2AD}.Debug|ARM64.ActiveCfg = Debug|Any CPU
		{0B6A647C-6180-451E-9C9F-8384B159D2AD}.Debug|ARM64.Build.0 = Debug|Any CPU
		{0B6A647C-6180-451E-9C9F-8384B159D2AD}.Debug|iPhone.ActiveCfg = Debug|Any CPU
		{0B6A647C-6180-451E-9C9F-8384B159D2AD}.Debug|iPhone.Build.0 = Debug|Any CPU
		{0B6A647C-6180-451E-9C9F-8384B159D2AD}.Debug|iPhoneSimulator.ActiveCfg = Debug|Any CPU
		{0B6A647C-6180-451E-9C9F-8384B159D2AD}.Debug|iPhoneSimulator.Build.0 = Debug|Any CPU
		{0B6A647C-6180-451E-9C9F-8384B159D2AD}.Debug|x64.ActiveCfg = Debug|Any CPU
		{0B6A647C-6180-451E-9C9F-8384B159D2AD}.Debug|x64.Build.0 = Debug|Any CPU
		{0B6A647C-6180-451E-9C9F-8384B159D2AD}.Debug|x86.ActiveCfg = Debug|Any CPU
		{0B6A647C-6180-451E-9C9F-8384B159D2AD}.Debug|x86.Build.0 = Debug|Any CPU
		{0B6A647C-6180-451E-9C9F-8384B159D2AD}.Release|Any CPU.ActiveCfg = Release|Any CPU
		{0B6A647C-6180-451E-9C9F-8384B159D2AD}.Release|Any CPU.Build.0 = Release|Any CPU
		{0B6A647C-6180-451E-9C9F-8384B159D2AD}.Release|ARM.ActiveCfg = Release|Any CPU
		{0B6A647C-6180-451E-9C9F-8384B159D2AD}.Release|ARM.Build.0 = Release|Any CPU
		{0B6A647C-6180-451E-9C9F-8384B159D2AD}.Release|ARM64.ActiveCfg = Release|Any CPU
		{0B6A647C-6180-451E-9C9F-8384B159D2AD}.Release|ARM64.Build.0 = Release|Any CPU
		{0B6A647C-6180-451E-9C9F-8384B159D2AD}.Release|iPhone.ActiveCfg = Release|Any CPU
		{0B6A647C-6180-451E-9C9F-8384B159D2AD}.Release|iPhone.Build.0 = Release|Any CPU
		{0B6A647C-6180-451E-9C9F-8384B159D2AD}.Release|iPhoneSimulator.ActiveCfg = Release|Any CPU
		{0B6A647C-6180-451E-9C9F-8384B159D2AD}.Release|iPhoneSimulator.Build.0 = Release|Any CPU
		{0B6A647C-6180-451E-9C9F-8384B159D2AD}.Release|x64.ActiveCfg = Release|Any CPU
		{0B6A647C-6180-451E-9C9F-8384B159D2AD}.Release|x64.Build.0 = Release|Any CPU
		{0B6A647C-6180-451E-9C9F-8384B159D2AD}.Release|x86.ActiveCfg = Release|Any CPU
		{0B6A647C-6180-451E-9C9F-8384B159D2AD}.Release|x86.Build.0 = Release|Any CPU
		{66D33206-7D0D-4DE8-8200-52273AAEC70A}.Debug|Any CPU.ActiveCfg = Debug|Any CPU
		{66D33206-7D0D-4DE8-8200-52273AAEC70A}.Debug|Any CPU.Build.0 = Debug|Any CPU
		{66D33206-7D0D-4DE8-8200-52273AAEC70A}.Debug|ARM.ActiveCfg = Debug|Any CPU
		{66D33206-7D0D-4DE8-8200-52273AAEC70A}.Debug|ARM.Build.0 = Debug|Any CPU
		{66D33206-7D0D-4DE8-8200-52273AAEC70A}.Debug|ARM64.ActiveCfg = Debug|Any CPU
		{66D33206-7D0D-4DE8-8200-52273AAEC70A}.Debug|ARM64.Build.0 = Debug|Any CPU
		{66D33206-7D0D-4DE8-8200-52273AAEC70A}.Debug|iPhone.ActiveCfg = Debug|Any CPU
		{66D33206-7D0D-4DE8-8200-52273AAEC70A}.Debug|iPhone.Build.0 = Debug|Any CPU
		{66D33206-7D0D-4DE8-8200-52273AAEC70A}.Debug|iPhoneSimulator.ActiveCfg = Debug|Any CPU
		{66D33206-7D0D-4DE8-8200-52273AAEC70A}.Debug|iPhoneSimulator.Build.0 = Debug|Any CPU
		{66D33206-7D0D-4DE8-8200-52273AAEC70A}.Debug|x64.ActiveCfg = Debug|Any CPU
		{66D33206-7D0D-4DE8-8200-52273AAEC70A}.Debug|x64.Build.0 = Debug|Any CPU
		{66D33206-7D0D-4DE8-8200-52273AAEC70A}.Debug|x86.ActiveCfg = Debug|Any CPU
		{66D33206-7D0D-4DE8-8200-52273AAEC70A}.Debug|x86.Build.0 = Debug|Any CPU
		{66D33206-7D0D-4DE8-8200-52273AAEC70A}.Release|Any CPU.ActiveCfg = Release|Any CPU
		{66D33206-7D0D-4DE8-8200-52273AAEC70A}.Release|Any CPU.Build.0 = Release|Any CPU
		{66D33206-7D0D-4DE8-8200-52273AAEC70A}.Release|ARM.ActiveCfg = Release|Any CPU
		{66D33206-7D0D-4DE8-8200-52273AAEC70A}.Release|ARM.Build.0 = Release|Any CPU
		{66D33206-7D0D-4DE8-8200-52273AAEC70A}.Release|ARM64.ActiveCfg = Release|Any CPU
		{66D33206-7D0D-4DE8-8200-52273AAEC70A}.Release|ARM64.Build.0 = Release|Any CPU
		{66D33206-7D0D-4DE8-8200-52273AAEC70A}.Release|iPhone.ActiveCfg = Release|Any CPU
		{66D33206-7D0D-4DE8-8200-52273AAEC70A}.Release|iPhone.Build.0 = Release|Any CPU
		{66D33206-7D0D-4DE8-8200-52273AAEC70A}.Release|iPhoneSimulator.ActiveCfg = Release|Any CPU
		{66D33206-7D0D-4DE8-8200-52273AAEC70A}.Release|iPhoneSimulator.Build.0 = Release|Any CPU
		{66D33206-7D0D-4DE8-8200-52273AAEC70A}.Release|x64.ActiveCfg = Release|Any CPU
		{66D33206-7D0D-4DE8-8200-52273AAEC70A}.Release|x64.Build.0 = Release|Any CPU
		{66D33206-7D0D-4DE8-8200-52273AAEC70A}.Release|x86.ActiveCfg = Release|Any CPU
		{66D33206-7D0D-4DE8-8200-52273AAEC70A}.Release|x86.Build.0 = Release|Any CPU
	EndGlobalSection
	GlobalSection(SolutionProperties) = preSolution
		HideSolutionNode = FALSE
	EndGlobalSection
	GlobalSection(ExtensibilityGlobals) = postSolution
		SolutionGuid = {48D7306C-236D-44B6-8016-6B3F1D91932C}
	EndGlobalSection
EndGlobal
